Microsoft Visual Studio Solution File, Format Version 11.00
# Visual Studio 2017

Project("{8BC9CEB8-8B4A-11D0-8D11-00A0C91BC942}") = "CreatingAnAudioEvent - App", "CreatingAnAudioEvent_App.vcxproj", "{4B6B3CFA-09AA-AC6B-0FCB-51E44EA69E9E}"
EndProject
Global
	GlobalSection(SolutionConfigurationPlatforms) = preSolution
		Debug|x64 = Debug|x64
		Release|x64 = Release|x64
	EndGlobalSection
	GlobalSection(ProjectConfigurationPlatforms) = postSolution
		{4B6B3CFA-09AA-AC6B-0FCB-51E44EA69E9E}.Debug|x64.ActiveCfg = Debug|x64
		{4B6B3CFA-09AA-AC6B-0FCB-51E44EA69E9E}.Debug|x64.Build.0 = Debug|x64
		{4B6B3CFA-09AA-AC6B-0FCB-51E44EA69E9E}.Release|x64.ActiveCfg = Release|x64
		{4B6B3CFA-09AA-AC6B-0FCB-51E44EA69E9E}.Release|x64.Build.0 = Release|x64
	EndGlobalSection
	GlobalSection(SolutionProperties) = preSolution
		HideSolutionNode = FALSE
	EndGlobalSection
EndGlobal
